
Microsoft Visual Studio Solution File, Format Version 12.00
# Visual Studio Version 17
VisualStudioVersion = 17.9.34723.18
MinimumVisualStudioVersion = 10.0.40219.1
Project("{9A19103F-16F7-4668-BE54-9A1E7A4F7556}") = "eAppointmentServer.Domain", "eAppointmentServer.Domain\eAppointmentServer.Domain.csproj", "{2DD76D97-F3E1-4F2E-81C5-E2D24AD3CDCC}"
EndProject
Project("{9A19103F-16F7-4668-BE54-9A1E7A4F7556}") = "eAppointmentServer.Application", "eAppointmentServer.Application\eAppointmentServer.Application.csproj", "{646888BC-BCC1-48A3-940E-8A7FA3395FAD}"
EndProject
Project("{FAE04EC0-301F-11D3-BF4B-00C04F79EFBC}") = "eAppointmentServer.Infrastructure", "eAppointmentServer.Infrastructure\eAppointmentServer.Infrastructure.csproj", "{E8BAEE11-6061-490A-B4C6-99004CAB5AA1}"
EndProject
Project("{FAE04EC0-301F-11D3-BF4B-00C04F79EFBC}") = "eAppointmentServer.WebApi", "eAppointmentServer.WebApi\eAppointmentServer.WebApi.csproj", "{D5968499-0296-4DC7-ABFF-202847047CC8}"
EndProject
Global
	GlobalSection(SolutionConfigurationPlatforms) = preSolution
		Debug|Any CPU = Debug|Any CPU
		Release|Any CPU = Release|Any CPU
	EndGlobalSection
	GlobalSection(ProjectConfigurationPlatforms) = postSolution
		{2DD76D97-F3E1-4F2E-81C5-E2D24AD3CDCC}.Debug|Any CPU.ActiveCfg = Debug|Any CPU
		{2DD76D97-F3E1-4F2E-81C5-E2D24AD3CDCC}.Debug|Any CPU.Build.0 = Debug|Any CPU
		{2DD76D97-F3E1-4F2E-81C5-E2D24AD3CDCC}.Release|Any CPU.ActiveCfg = Release|Any CPU
		{2DD76D97-F3E1-4F2E-81C5-E2D24AD3CDCC}.Release|Any CPU.Build.0 = Release|Any CPU
		{646888BC-BCC1-48A3-940E-8A7FA3395FAD}.Debug|Any CPU.ActiveCfg = Debug|Any CPU
		{646888BC-BCC1-48A3-940E-8A7FA3395FAD}.Debug|Any CPU.Build.0 = Debug|Any CPU
		{646888BC-BCC1-48A3-940E-8A7FA3395FAD}.Release|Any CPU.ActiveCfg = Release|Any CPU
		{646888BC-BCC1-48A3-940E-8A7FA3395FAD}.Release|Any CPU.Build.0 = Release|Any CPU
		{E8BAEE11-6061-490A-B4C6-99004CAB5AA1}.Debug|Any CPU.ActiveCfg = Debug|Any CPU
		{E8BAEE11-6061-490A-B4C6-99004CAB5AA1}.Debug|Any CPU.Build.0 = Debug|Any CPU
		{E8BAEE11-6061-490A-B4C6-99004CAB5AA1}.Release|Any CPU.ActiveCfg = Release|Any CPU
		{E8BAEE11-6061-490A-B4C6-99004CAB5AA1}.Release|Any CPU.Build.0 = Release|Any CPU
		{D5968499-0296-4DC7-ABFF-202847047CC8}.Debug|Any CPU.ActiveCfg = Debug|Any CPU
		{D5968499-0296-4DC7-ABFF-202847047CC8}.Debug|Any CPU.Build.0 = Debug|Any CPU
		{D5968499-0296-4DC7-ABFF-202847047CC8}.Release|Any CPU.ActiveCfg = Release|Any CPU
		{D5968499-0296-4DC7-ABFF-202847047CC8}.Release|Any CPU.Build.0 = Release|Any CPU
	EndGlobalSection
	GlobalSection(SolutionProperties) = preSolution
		HideSolutionNode = FALSE
	EndGlobalSection
	GlobalSection(ExtensibilityGlobals) = postSolution
		SolutionGuid = {2C1D61CE-43F0-4E28-9E10-A1B5BB51A013}
	EndGlobalSection
EndGlobal
